# THIS IS AN AUTOGENERATED FILE. DO NOT EDIT THIS FILE DIRECTLY.
# yarn lockfile v1


bootstrap4-toggle@^3.6.1:
  version "3.6.1"
  resolved "https://registry.yarnpkg.com/bootstrap4-toggle/-/bootstrap4-toggle-3.6.1.tgz#867f2c350727022e6358ec0d43e43b7cfb609f74"
  integrity sha512-eRejcTc9YurhZ64nHY9Ii9DQn+F9/R74H9RPoeANVM3N1+C2lZ2tUuFCx1w3orOJ1y/iG4A7iCwdDZphMDIrYg==

bootstrap4@^0.0.1-security:
  version "0.0.1-security"
  resolved "https://registry.yarnpkg.com/bootstrap4/-/bootstrap4-0.0.1-security.tgz#598920d54afcb2ae3ad7351acabc57e3942d9c49"
  integrity sha1-WYkg1Ur8sq461zUayrxX45QtnEk=

bootstrap@4:
  version "4.6.0"
  resolved "https://registry.yarnpkg.com/bootstrap/-/bootstrap-4.6.0.tgz#97b9f29ac98f98dfa43bf7468262d84392552fd7"
  integrity sha512-Io55IuQY3kydzHtbGvQya3H+KorS/M9rSNyfCGCg9WZ4pyT/lCxIlpJgG1GXW/PswzC84Tr2fBYi+7+jFVQQBw==
